{
    "name": "@types/qcobjects-sdk",
    "version": "2.4.1",
    "lockfileVersion": 3,
    "requires": true,
    "packages": {
        "": {
            "name": "@types/qcobjects-sdk",
            "version": "2.4.1",
            "license": "LGPL-3.0",
            "devDependencies": {
                "@types/qcobjects": "github:QCObjects/-types-qcobjects"
            }
        },
        "node_modules/@types/qcobjects": {
            "version": "2.4.1",
            "resolved": "git+ssh://git@github.com/QCObjects/-types-qcobjects.git#f2e106ed0fff1aea5d6a0836190fa3134e651b3c",
            "dev": true,
            "license": "LGPL-3.0"
        }
    }
}
